<?xml version="1.0" encoding="utf-8"?>
<Project ToolsVersion="4.0" xmlns="http://schemas.microsoft.com/developer/msbuild/2003">
  <ItemGroup>
    <Filter Include="Source Files">
      <UniqueIdentifier>{4FC737F1-C7A5-4376-A066-2A32D752A2FF}</UniqueIdentifier>
      <Extensions>cpp;c;cc;cxx;def;odl;idl;hpj;bat;asm;asmx</Extensions>
    </Filter>
    <Filter Include="Header Files">
      <UniqueIdentifier>{93995380-89BD-4b04-88EB-625FBE52EBFB}</UniqueIdentifier>
      <Extensions>h;hh;hpp;hxx;hm;inl;inc;ipp;xsd</Extensions>
    </Filter>
    <Filter Include="Resource Files">
      <UniqueIdentifier>{67DA6AB6-F800-4c08-8B7A-83BB121AAD01}</UniqueIdentifier>
      <Extensions>rc;ico;cur;bmp;dlg;rc2;rct;bin;rgs;gif;jpg;jpeg;jpe;resx;tiff;tif;png;wav;mfcribbon-ms</Extensions>
    </Filter>
    <Filter Include="Source Files\Client Wrapper">
      <UniqueIdentifier>{2761a4b5-57b2-4d50-a677-d20ddc17a7f1}</UniqueIdentifier>
    </Filter>
    <Filter Include="Header Files\plugin">
      <UniqueIdentifier>{0c8c6ce9-2c96-45ef-8d6a-96f368e48a1f}</UniqueIdentifier>
    </Filter>
    <Filter Include="Source Files\plugin">
      <UniqueIdentifier>{62f4d0e8-f646-4fbb-8cb6-77f57c780814}</UniqueIdentifier>
    </Filter>
  </ItemGroup>
  <ItemGroup>
    <ClCompile Include="$(ProjectDir)flutter\cpp_client_wrapper\engine_method_result.cc">
      <Filter>Source Files\Client Wrapper</Filter>
    </ClCompile>
    <ClCompile Include="$(ProjectDir)flutter\cpp_client_wrapper\flutter_window_controller.cc">
      <Filter>Source Files\Client Wrapper</Filter>
    </ClCompile>
    <ClCompile Include="$(ProjectDir)flutter\cpp_client_wrapper\plugin_registrar.cc">
      <Filter>Source Files\Client Wrapper</Filter>
    </ClCompile>
    <ClCompile Include="flutter_design_tool.cpp">
      <Filter>Source Files</Filter>
    </ClCompile>
    <ClCompile Include="CursorStylePlugin.cpp">
      <Filter>Source Files\plugin</Filter>
    </ClCompile>
    <ClCompile Include="flutter\cpp_client_wrapper\standard_codec.cc">
      <Filter>Source Files\Client Wrapper</Filter>
    </ClCompile>
  </ItemGroup>
  <ItemGroup>
    <ClInclude Include="CursorStylePlugin.h">
      <Filter>Header Files\plugin</Filter>
    </ClInclude>
  </ItemGroup>
</Project>